
Microsoft Visual Studio Solution File, Format Version 10.00
# Visual Studio 2008
Project("{8BC9CEB8-8B4A-11D0-8D11-00A0C91BC942}") = "LOIService", "..\..\LOIService\LOIService\LOIService.vcproj", "{A3C032C2-8B78-42A8-B2C7-955B1206AAF9}"
EndProject
Project("{8BC9CEB8-8B4A-11D0-8D11-00A0C91BC942}") = "LOIlsp", "..\..\LOIlsp\LOIlsp\LOIlsp.vcproj", "{8EA51AF0-DDD2-4C75-BFD8-89D2B9F10FCC}"
EndProject
Project("{8BC9CEB8-8B4A-11D0-8D11-00A0C91BC942}") = "ILANNSP", "..\..\ILANNSP\ILANNSP\ILANNSP.vcproj", "{8454724A-3BBE-4E64-97C1-7DF40BE5F8E2}"
EndProject
Project("{8BC9CEB8-8B4A-11D0-8D11-00A0C91BC942}") = "LANoiproui", "..\..\LANoiproui\LANoiproui\LANoiproui.vcproj", "{A5537F8A-5BD1-48A4-B44B-1D9D75D8C916}"
EndProject
Global
	GlobalSection(SolutionConfigurationPlatforms) = preSolution
		Debug|Win32 = Debug|Win32
		Release|Win32 = Release|Win32
	EndGlobalSection
	GlobalSection(ProjectConfigurationPlatforms) = postSolution
		{A3C032C2-8B78-42A8-B2C7-955B1206AAF9}.Debug|Win32.ActiveCfg = Debug|Win32
		{A3C032C2-8B78-42A8-B2C7-955B1206AAF9}.Debug|Win32.Build.0 = Debug|Win32
		{A3C032C2-8B78-42A8-B2C7-955B1206AAF9}.Release|Win32.ActiveCfg = Release|Win32
		{A3C032C2-8B78-42A8-B2C7-955B1206AAF9}.Release|Win32.Build.0 = Release|Win32
		{8EA51AF0-DDD2-4C75-BFD8-89D2B9F10FCC}.Debug|Win32.ActiveCfg = Debug|Win32
		{8EA51AF0-DDD2-4C75-BFD8-89D2B9F10FCC}.Debug|Win32.Build.0 = Debug|Win32
		{8EA51AF0-DDD2-4C75-BFD8-89D2B9F10FCC}.Release|Win32.ActiveCfg = Release|Win32
		{8EA51AF0-DDD2-4C75-BFD8-89D2B9F10FCC}.Release|Win32.Build.0 = Release|Win32
		{8454724A-3BBE-4E64-97C1-7DF40BE5F8E2}.Debug|Win32.ActiveCfg = Debug|Win32
		{8454724A-3BBE-4E64-97C1-7DF40BE5F8E2}.Debug|Win32.Build.0 = Debug|Win32
		{8454724A-3BBE-4E64-97C1-7DF40BE5F8E2}.Release|Win32.ActiveCfg = Release|Win32
		{8454724A-3BBE-4E64-97C1-7DF40BE5F8E2}.Release|Win32.Build.0 = Release|Win32
		{A5537F8A-5BD1-48A4-B44B-1D9D75D8C916}.Debug|Win32.ActiveCfg = Debug|Win32
		{A5537F8A-5BD1-48A4-B44B-1D9D75D8C916}.Debug|Win32.Build.0 = Debug|Win32
		{A5537F8A-5BD1-48A4-B44B-1D9D75D8C916}.Release|Win32.ActiveCfg = Release|Win32
		{A5537F8A-5BD1-48A4-B44B-1D9D75D8C916}.Release|Win32.Build.0 = Release|Win32
	EndGlobalSection
	GlobalSection(SolutionProperties) = preSolution
		HideSolutionNode = FALSE
	EndGlobalSection
EndGlobal
